# THIS IS AN AUTOGENERATED FILE. DO NOT EDIT THIS FILE DIRECTLY.
# yarn lockfile v1


bootstrap@^4.1.1:
  version "4.1.1"
  resolved "https://registry.yarnpkg.com/bootstrap/-/bootstrap-4.1.1.tgz#3aec85000fa619085da8d2e4983dfd67cf2114cb"

codemirror-spell-checker@*:
  version "1.1.2"
  resolved "https://registry.yarnpkg.com/codemirror-spell-checker/-/codemirror-spell-checker-1.1.2.tgz#1c660f9089483ccb5113b9ba9ca19c3f4993371e"
  dependencies:
    typo-js "*"

codemirror@*:
  version "5.37.0"
  resolved "https://registry.yarnpkg.com/codemirror/-/codemirror-5.37.0.tgz#c349b584e158f590277f26d37c2469a6bc538036"

devices.css@^0.1.15:
  version "0.1.15"
  resolved "https://registry.yarnpkg.com/devices.css/-/devices.css-0.1.15.tgz#6e4fa12c02b490f71011f8beeee9dae90ac3ad80"

inline-attachment@^2.0.3:
  version "2.0.3"
  resolved "https://registry.yarnpkg.com/inline-attachment/-/inline-attachment-2.0.3.tgz#5ee32374583fabd3b7206df2e20f251ba20c4306"

intersection-observer@^0.5.0:
  version "0.5.0"
  resolved "https://registry.yarnpkg.com/intersection-observer/-/intersection-observer-0.5.0.tgz#9fe8bee3953c755b1485c38efd9633d535775ea6"

jquery@^3.3.1:
  version "3.3.1"
  resolved "https://registry.yarnpkg.com/jquery/-/jquery-3.3.1.tgz#958ce29e81c9790f31be7792df5d4d95fc57fbca"

lozad@^1.4.0:
  version "1.4.0"
  resolved "https://registry.yarnpkg.com/lozad/-/lozad-1.4.0.tgz#78d29514608074a34645ba1c5c7747f82c14cbfc"

marked@*:
  version "0.3.19"
  resolved "https://registry.yarnpkg.com/marked/-/marked-0.3.19.tgz#5d47f709c4c9fc3c216b6d46127280f40b39d790"

popper.js@^1.14.3:
  version "1.14.3"
  resolved "https://registry.yarnpkg.com/popper.js/-/popper.js-1.14.3.tgz#1438f98d046acf7b4d78cd502bf418ac64d4f095"

simplemde@^1.11.2:
  version "1.11.2"
  resolved "https://registry.yarnpkg.com/simplemde/-/simplemde-1.11.2.tgz#a23a35d978d2c40ef07dec008c92f070d8e080e3"
  dependencies:
    codemirror "*"
    codemirror-spell-checker "*"
    marked "*"

spectre.css@^0.5.1:
  version "0.5.1"
  resolved "https://registry.yarnpkg.com/spectre.css/-/spectre.css-0.5.1.tgz#bd60345584bd88143f7d0930119c8f4bbd2822c7"

spectrum-colorpicker@^1.8.0:
  version "1.8.0"
  resolved "https://registry.yarnpkg.com/spectrum-colorpicker/-/spectrum-colorpicker-1.8.0.tgz#b926cf5002c0a77860b5f8351e1c093c65200107"

typo-js@*:
  version "1.0.3"
  resolved "https://registry.yarnpkg.com/typo-js/-/typo-js-1.0.3.tgz#54d8ebc7949f1a7810908b6002c6841526c99d5a"
